// !$*UTF8*$!
{
	archiveVersion = 1;
	classes = {
	};
	objectVersion = 46;
	objects = {

/* Begin PBXBuildFile section */
		DD6876BE1C6CE476001DB25D /* AppDelegate.swift in Sources */ = {isa = PBXBuildFile; fileRef = DD6876BD1C6CE476001DB25D /* AppDelegate.swift */; };
		DD6876C51C6CE476001DB25D /* Main.storyboard in Resources */ = {isa = PBXBuildFile; fileRef = DD6876C31C6CE476001DB25D /* Main.storyboard */; };
		DD6876C71C6CE476001DB25D /* Assets.xcassets in Resources */ = {isa = PBXBuildFile; fileRef = DD6876C61C6CE476001DB25D /* Assets.xcassets */; };
		DD6876CA1C6CE476001DB25D /* LaunchScreen.storyboard in Resources */ = {isa = PBXBuildFile; fileRef = DD6876C81C6CE476001DB25D /* LaunchScreen.storyboard */; };
		DDA455091C6CF7680036CF38 /* InitialViewController.swift in Sources */ = {isa = PBXBuildFile; fileRef = DDA455081C6CF7680036CF38 /* InitialViewController.swift */; };
		DDA4550B1C6CFF4A0036CF38 /* CameraServiceManager.swift in Sources */ = {isa = PBXBuildFile; fileRef = DDA4550A1C6CFF4A0036CF38 /* CameraServiceManager.swift */; };
		DDA4550D1C6D0A8E0036CF38 /* CameraViewController.swift in Sources */ = {isa = PBXBuildFile; fileRef = DDA4550C1C6D0A8E0036CF38 /* CameraViewController.swift */; };
		DDA455111C6D0C6A0036CF38 /* AVCamPreviewController.swift in Sources */ = {isa = PBXBuildFile; fileRef = DDA455101C6D0C6A0036CF38 /* AVCamPreviewController.swift */; };
		DDA455131C6D0D560036CF38 /* CameraControllerViewController.swift in Sources */ = {isa = PBXBuildFile; fileRef = DDA455121C6D0D560036CF38 /* CameraControllerViewController.swift */; };
/* End PBXBuildFile section */

/* Begin PBXFileReference section */
		DD6876BA1C6CE476001DB25D /* Open Source Selfie Stick.app */ = {isa = PBXFileReference; explicitFileType = wrapper.application; includeInIndex = 0; path = "Open Source Selfie Stick.app"; sourceTree = BUILT_PRODUCTS_DIR; };
		DD6876BD1C6CE476001DB25D /* AppDelegate.swift */ = {isa = PBXFileReference; lastKnownFileType = sourcecode.swift; path = AppDelegate.swift; sourceTree = "<group>"; };
		DD6876C41C6CE476001DB25D /* Base */ = {isa = PBXFileReference; lastKnownFileType = file.storyboard; name = Base; path = Base.lproj/Main.storyboard; sourceTree = "<group>"; };
		DD6876C61C6CE476001DB25D /* Assets.xcassets */ = {isa = PBXFileReference; lastKnownFileType = folder.assetcatalog; path = Assets.xcassets; sourceTree = "<group>"; };
		DD6876C91C6CE476001DB25D /* Base */ = {isa = PBXFileReference; lastKnownFileType = file.storyboard; name = Base; path = Base.lproj/LaunchScreen.storyboard; sourceTree = "<group>"; };
		DD6876CB1C6CE476001DB25D /* Info.plist */ = {isa = PBXFileReference; lastKnownFileType = text.plist.xml; path = Info.plist; sourceTree = "<group>"; };
		DDA455081C6CF7680036CF38 /* InitialViewController.swift */ = {isa = PBXFileReference; fileEncoding = 4; lastKnownFileType = sourcecode.swift; path = InitialViewController.swift; sourceTree = "<group>"; };
		DDA4550A1C6CFF4A0036CF38 /* CameraServiceManager.swift */ = {isa = PBXFileReference; fileEncoding = 4; lastKnownFileType = sourcecode.swift; path = CameraServiceManager.swift; sourceTree = "<group>"; };
		DDA4550C1C6D0A8E0036CF38 /* CameraViewController.swift */ = {isa = PBXFileReference; fileEncoding = 4; lastKnownFileType = sourcecode.swift; path = CameraViewController.swift; sourceTree = "<group>"; };
		DDA455101C6D0C6A0036CF38 /* AVCamPreviewController.swift */ = {isa = PBXFileReference; fileEncoding = 4; lastKnownFileType = sourcecode.swift; path = AVCamPreviewController.swift; sourceTree = "<group>"; };
		DDA455121C6D0D560036CF38 /* CameraControllerViewController.swift */ = {isa = PBXFileReference; fileEncoding = 4; lastKnownFileType = sourcecode.swift; path = CameraControllerViewController.swift; sourceTree = "<group>"; };
/* End PBXFileReference section */

/* Begin PBXFrameworksBuildPhase section */
		DD6876B71C6CE476001DB25D /* Frameworks */ = {
			isa = PBXFrameworksBuildPhase;
			buildActionMask = 2147483647;
			files = (
			);
			runOnlyForDeploymentPostprocessing = 0;
		};
/* End PBXFrameworksBuildPhase section */

/* Begin PBXGroup section */
		DD6876B11C6CE476001DB25D = {
			isa = PBXGroup;
			children = (
				DD6876BC1C6CE476001DB25D /* Open Source Selfie Stick */,
				DD6876BB1C6CE476001DB25D /* Products */,
			);
			sourceTree = "<group>";
		};
		DD6876BB1C6CE476001DB25D /* Products */ = {
			isa = PBXGroup;
			children = (
				DD6876BA1C6CE476001DB25D /* Open Source Selfie Stick.app */,
			);
			name = Products;
			sourceTree = "<group>";
		};
		DD6876BC1C6CE476001DB25D /* Open Source Selfie Stick */ = {
			isa = PBXGroup;
			children = (
				DD6876C31C6CE476001DB25D /* Main.storyboard */,
				DD6876BD1C6CE476001DB25D /* AppDelegate.swift */,
				DDA455101C6D0C6A0036CF38 /* AVCamPreviewController.swift */,
				DDA4550A1C6CFF4A0036CF38 /* CameraServiceManager.swift */,
				DDA455081C6CF7680036CF38 /* InitialViewController.swift */,
				DDA4550C1C6D0A8E0036CF38 /* CameraViewController.swift */,
				DDA455121C6D0D560036CF38 /* CameraControllerViewController.swift */,
				DD6876C81C6CE476001DB25D /* LaunchScreen.storyboard */,
				DD6876CB1C6CE476001DB25D /* Info.plist */,
				DD6876C61C6CE476001DB25D /* Assets.xcassets */,
			);
			path = "Open Source Selfie Stick";
			sourceTree = "<group>";
		};
/* End PBXGroup section */

/* Begin PBXNativeTarget section */
		DD6876B91C6CE476001DB25D /* Open Source Selfie Stick */ = {
			isa = PBXNativeTarget;
			buildConfigurationList = DD6876CE1C6CE476001DB25D /* Build configuration list for PBXNativeTarget "Open Source Selfie Stick" */;
			buildPhases = (
				DD6876B61C6CE476001DB25D /* Sources */,
				DD6876B71C6CE476001DB25D /* Frameworks */,
				DD6876B81C6CE476001DB25D /* Resources */,
			);
			buildRules = (
			);
			dependencies = (
			);
			name = "Open Source Selfie Stick";
			productName = "Open Source Selfie Stick";
			productReference = DD6876BA1C6CE476001DB25D /* Open Source Selfie Stick.app */;
			productType = "com.apple.product-type.application";
		};
/* End PBXNativeTarget section */

/* Begin PBXProject section */
		DD6876B21C6CE476001DB25D /* Project object */ = {
			isa = PBXProject;
			attributes = {
				LastSwiftUpdateCheck = 0720;
				LastUpgradeCheck = 0720;
				ORGANIZATIONNAME = "Richard Nelson";
				TargetAttributes = {
					DD6876B91C6CE476001DB25D = {
						CreatedOnToolsVersion = 7.2.1;
						DevelopmentTeam = 96M4X93EDL;
					};
				};
			};
			buildConfigurationList = DD6876B51C6CE476001DB25D /* Build configuration list for PBXProject "Open Source Selfie Stick" */;
			compatibilityVersion = "Xcode 3.2";
			developmentRegion = English;
			hasScannedForEncodings = 0;
			knownRegions = (
				en,
				Base,
			);
			mainGroup = DD6876B11C6CE476001DB25D;
			productRefGroup = DD6876BB1C6CE476001DB25D /* Products */;
			projectDirPath = "";
			projectRoot = "";
			targets = (
				DD6876B91C6CE476001DB25D /* Open Source Selfie Stick */,
			);
		};
/* End PBXProject section */

/* Begin PBXResourcesBuildPhase section */
		DD6876B81C6CE476001DB25D /* Resources */ = {
			isa = PBXResourcesBuildPhase;
			buildActionMask = 2147483647;
			files = (
				DD6876CA1C6CE476001DB25D /* LaunchScreen.storyboard in Resources */,
				DD6876C71C6CE476001DB25D /* Assets.xcassets in Resources */,
				DD6876C51C6CE476001DB25D /* Main.storyboard in Resources */,
			);
			runOnlyForDeploymentPostprocessing = 0;
		};
/* End PBXResourcesBuildPhase section */

/* Begin PBXSourcesBuildPhase section */
		DD6876B61C6CE476001DB25D /* Sources */ = {
			isa = PBXSourcesBuildPhase;
			buildActionMask = 2147483647;
			files = (
				DD6876BE1C6CE476001DB25D /* AppDelegate.swift in Sources */,
				DDA4550D1C6D0A8E0036CF38 /* CameraViewController.swift in Sources */,
				DDA455091C6CF7680036CF38 /* InitialViewController.swift in Sources */,
				DDA455131C6D0D560036CF38 /* CameraControllerViewController.swift in Sources */,
				DDA455111C6D0C6A0036CF38 /* AVCamPreviewController.swift in Sources */,
				DDA4550B1C6CFF4A0036CF38 /* CameraServiceManager.swift in Sources */,
			);
			runOnlyForDeploymentPostprocessing = 0;
		};
/* End PBXSourcesBuildPhase section */

/* Begin PBXVariantGroup section */
		DD6876C31C6CE476001DB25D /* Main.storyboard */ = {
			isa = PBXVariantGroup;
			children = (
				DD6876C41C6CE476001DB25D /* Base */,
			);
			name = Main.storyboard;
			sourceTree = "<group>";
		};
		DD6876C81C6CE476001DB25D /* LaunchScreen.storyboard */ = {
			isa = PBXVariantGroup;
			children = (
				DD6876C91C6CE476001DB25D /* Base */,
			);
			name = LaunchScreen.storyboard;
			sourceTree = "<group>";
		};
/* End PBXVariantGroup section */

/* Begin XCBuildConfiguration section */
		DD6876CC1C6CE476001DB25D /* Debug */ = {
			isa = XCBuildConfiguration;
			buildSettings = {
				ALWAYS_SEARCH_USER_PATHS = NO;
				CLANG_CXX_LANGUAGE_STANDARD = "gnu++0x";
				CLANG_CXX_LIBRARY = "libc++";
				CLANG_ENABLE_MODULES = YES;
				CLANG_ENABLE_OBJC_ARC = YES;
				CLANG_WARN_BOOL_CONVERSION = YES;
				CLANG_WARN_CONSTANT_CONVERSION = YES;
				CLANG_WARN_DIRECT_OBJC_ISA_USAGE = YES_ERROR;
				CLANG_WARN_EMPTY_BODY = YES;
				CLANG_WARN_ENUM_CONVERSION = YES;
				CLANG_WARN_INT_CONVERSION = YES;
				CLANG_WARN_OBJC_ROOT_CLASS = YES_ERROR;
				CLANG_WARN_UNREACHABLE_CODE = YES;
				CLANG_WARN__DUPLICATE_METHOD_MATCH = YES;
				"CODE_SIGN_IDENTITY[sdk=iphoneos*]" = "iPhone Developer";
				COPY_PHASE_STRIP = NO;
				DEBUG_INFORMATION_FORMAT = dwarf;
				ENABLE_STRICT_OBJC_MSGSEND = YES;
				ENABLE_TESTABILITY = YES;
				GCC_C_LANGUAGE_STANDARD = gnu99;
				GCC_DYNAMIC_NO_PIC = NO;
				GCC_NO_COMMON_BLOCKS = YES;
				GCC_OPTIMIZATION_LEVEL = 0;
				GCC_PREPROCESSOR_DEFINITIONS = (
					"DEBUG=1",
					"$(inherited)",
				);
				GCC_WARN_64_TO_32_BIT_CONVERSION = YES;
				GCC_WARN_ABOUT_RETURN_TYPE = YES_ERROR;
				GCC_WARN_UNDECLARED_SELECTOR = YES;
				GCC_WARN_UNINITIALIZED_AUTOS = YES_AGGRESSIVE;
				GCC_WARN_UNUSED_FUNCTION = YES;
				GCC_WARN_UNUSED_VARIABLE = YES;
				IPHONEOS_DEPLOYMENT_TARGET = 8.1;
				MTL_ENABLE_DEBUG_INFO = YES;
				ONLY_ACTIVE_ARCH = YES;
				SDKROOT = iphoneos;
				SWIFT_OPTIMIZATION_LEVEL = "-Onone";
				TARGETED_DEVICE_FAMILY = "1,2";
			};
			name = Debug;
		};
		DD6876CD1C6CE476001DB25D /* Release */ = {
			isa = XCBuildConfiguration;
			buildSettings = {
				ALWAYS_SEARCH_USER_PATHS = NO;
				CLANG_CXX_LANGUAGE_STANDARD = "gnu++0x";
				CLANG_CXX_LIBRARY = "libc++";
				CLANG_ENABLE_MODULES = YES;
				CLANG_ENABLE_OBJC_ARC = YES;
				CLANG_WARN_BOOL_CONVERSION = YES;
				CLANG_WARN_CONSTANT_CONVERSION = YES;
				CLANG_WARN_DIRECT_OBJC_ISA_USAGE = YES_ERROR;
				CLANG_WARN_EMPTY_BODY = YES;
				CLANG_WARN_ENUM_CONVERSION = YES;
				CLANG_WARN_INT_CONVERSION = YES;
				CLANG_WARN_OBJC_ROOT_CLASS = YES_ERROR;
				CLANG_WARN_UNREACHABLE_CODE = YES;
				CLANG_WARN__DUPLICATE_METHOD_MATCH = YES;
				"CODE_SIGN_IDENTITY[sdk=iphoneos*]" = "iPhone Developer";
				COPY_PHASE_STRIP = NO;
				DEBUG_INFORMATION_FORMAT = "dwarf-with-dsym";
				ENABLE_NS_ASSERTIONS = NO;
				ENABLE_STRICT_OBJC_MSGSEND = YES;
				GCC_C_LANGUAGE_STANDARD = gnu99;
				GCC_NO_COMMON_BLOCKS = YES;
				GCC_WARN_64_TO_32_BIT_CONVERSION = YES;
				GCC_WARN_ABOUT_RETURN_TYPE = YES_ERROR;
				GCC_WARN_UNDECLARED_SELECTOR = YES;
				GCC_WARN_UNINITIALIZED_AUTOS = YES_AGGRESSIVE;
				GCC_WARN_UNUSED_FUNCTION = YES;
				GCC_WARN_UNUSED_VARIABLE = YES;
				IPHONEOS_DEPLOYMENT_TARGET = 8.1;
				MTL_ENABLE_DEBUG_INFO = NO;
				SDKROOT = iphoneos;
				TARGETED_DEVICE_FAMILY = "1,2";
				VALIDATE_PRODUCT = YES;
			};
			name = Release;
		};
		DD6876CF1C6CE476001DB25D /* Debug */ = {
			isa = XCBuildConfiguration;
			buildSettings = {
				ASSETCATALOG_COMPILER_APPICON_NAME = AppIcon;
				CODE_SIGN_IDENTITY = "iPhone Developer";
				INFOPLIST_FILE = "Open Source Selfie Stick/Info.plist";
				LD_RUNPATH_SEARCH_PATHS = "$(inherited) @executable_path/Frameworks";
				PRODUCT_BUNDLE_IDENTIFIER = "com.richardnelson.Open-Source-Selfie-Stick";
				PRODUCT_NAME = "$(TARGET_NAME)";
			};
			name = Debug;
		};
		DD6876D01C6CE476001DB25D /* Release */ = {
			isa = XCBuildConfiguration;
			buildSettings = {
				ASSETCATALOG_COMPILER_APPICON_NAME = AppIcon;
				CODE_SIGN_IDENTITY = "iPhone Developer";
				INFOPLIST_FILE = "Open Source Selfie Stick/Info.plist";
				LD_RUNPATH_SEARCH_PATHS = "$(inherited) @executable_path/Frameworks";
				PRODUCT_BUNDLE_IDENTIFIER = "com.richardnelson.Open-Source-Selfie-Stick";
				PRODUCT_NAME = "$(TARGET_NAME)";
			};
			name = Release;
		};
/* End XCBuildConfiguration section */

/* Begin XCConfigurationList section */
		DD6876B51C6CE476001DB25D /* Build configuration list for PBXProject "Open Source Selfie Stick" */ = {
			isa = XCConfigurationList;
			buildConfigurations = (
				DD6876CC1C6CE476001DB25D /* Debug */,
				DD6876CD1C6CE476001DB25D /* Release */,
			);
			defaultConfigurationIsVisible = 0;
			defaultConfigurationName = Release;
		};
		DD6876CE1C6CE476001DB25D /* Build configuration list for PBXNativeTarget "Open Source Selfie Stick" */ = {
			isa = XCConfigurationList;
			buildConfigurations = (
				DD6876CF1C6CE476001DB25D /* Debug */,
				DD6876D01C6CE476001DB25D /* Release */,
			);
			defaultConfigurationIsVisible = 0;
			defaultConfigurationName = Release;
		};
/* End XCConfigurationList section */
	};
	rootObject = DD6876B21C6CE476001DB25D /* Project object */;
}
